
Microsoft Visual Studio Solution File, Format Version 12.00
# Visual Studio Version 16
VisualStudioVersion = 16.0.30907.101
MinimumVisualStudioVersion = 10.0.40219.1
Project("{9A19103F-16F7-4668-BE54-9A1E7A4F7556}") = "Hgindra.AspnetCore.SecurityHeaders", "Hgindra.AspnetCore.SecurityHeaders\Hgindra.AspnetCore.SecurityHeaders.csproj", "{9DE87E2C-2760-40E2-8DD5-56D9438C37F2}"
EndProject
Global
	GlobalSection(SolutionConfigurationPlatforms) = preSolution
		Debug|Any CPU = Debug|Any CPU
		Release|Any CPU = Release|Any CPU
	EndGlobalSection
	GlobalSection(ProjectConfigurationPlatforms) = postSolution
		{9DE87E2C-2760-40E2-8DD5-56D9438C37F2}.Debug|Any CPU.ActiveCfg = Debug|Any CPU
		{9DE87E2C-2760-40E2-8DD5-56D9438C37F2}.Debug|Any CPU.Build.0 = Debug|Any CPU
		{9DE87E2C-2760-40E2-8DD5-56D9438C37F2}.Release|Any CPU.ActiveCfg = Release|Any CPU
		{9DE87E2C-2760-40E2-8DD5-56D9438C37F2}.Release|Any CPU.Build.0 = Release|Any CPU
	EndGlobalSection
	GlobalSection(SolutionProperties) = preSolution
		HideSolutionNode = FALSE
	EndGlobalSection
	GlobalSection(ExtensibilityGlobals) = postSolution
		SolutionGuid = {191B01DE-EA92-4764-9C31-062C5A20A2C6}
	EndGlobalSection
EndGlobal
